
Microsoft Visual Studio Solution File, Format Version 12.00
# Visual Studio Version 17
VisualStudioVersion = 17.0.31903.59
MinimumVisualStudioVersion = 10.0.40219.1
Project("{FAE04EC0-301F-11D3-BF4B-00C04F79EFBC}") = "Akka.Streams.MinLatency", "src\Akka.Streams.MinLatency\Akka.Streams.MinLatency.csproj", "{566888E4-5A9F-44C8-ADC4-C803470883A7}"
EndProject
Project("{FAE04EC0-301F-11D3-BF4B-00C04F79EFBC}") = "Akka.SchedulerStress", "src\Akka.SchedulerStress\Akka.SchedulerStress.csproj", "{CE71B5A7-743B-4163-A654-148DC8BABCB5}"
EndProject
Project("{2150E333-8FDC-42A3-9474-1A3956D46DE8}") = "build", "build", "{5FB973DB-03A5-45DA-B937-6D62299AB48E}"
	ProjectSection(SolutionItems) = preProject
		src\Directory.Build.props = src\Directory.Build.props
		src\Directory.Packages.props = src\Directory.Packages.props
	EndProjectSection
EndProject
Global
	GlobalSection(SolutionConfigurationPlatforms) = preSolution
		Debug|Any CPU = Debug|Any CPU
		Release|Any CPU = Release|Any CPU
	EndGlobalSection
	GlobalSection(SolutionProperties) = preSolution
		HideSolutionNode = FALSE
	EndGlobalSection
	GlobalSection(ProjectConfigurationPlatforms) = postSolution
		{566888E4-5A9F-44C8-ADC4-C803470883A7}.Debug|Any CPU.ActiveCfg = Debug|Any CPU
		{566888E4-5A9F-44C8-ADC4-C803470883A7}.Debug|Any CPU.Build.0 = Debug|Any CPU
		{566888E4-5A9F-44C8-ADC4-C803470883A7}.Release|Any CPU.ActiveCfg = Release|Any CPU
		{566888E4-5A9F-44C8-ADC4-C803470883A7}.Release|Any CPU.Build.0 = Release|Any CPU
		{CE71B5A7-743B-4163-A654-148DC8BABCB5}.Debug|Any CPU.ActiveCfg = Debug|Any CPU
		{CE71B5A7-743B-4163-A654-148DC8BABCB5}.Debug|Any CPU.Build.0 = Debug|Any CPU
		{CE71B5A7-743B-4163-A654-148DC8BABCB5}.Release|Any CPU.ActiveCfg = Release|Any CPU
		{CE71B5A7-743B-4163-A654-148DC8BABCB5}.Release|Any CPU.Build.0 = Release|Any CPU
	EndGlobalSection
EndGlobal
